
Microsoft Visual Studio Solution File, Format Version 12.00
# Visual Studio Version 17
VisualStudioVersion = 17.3.32825.248
MinimumVisualStudioVersion = 10.0.40219.1
Project("{FAE04EC0-301F-11D3-BF4B-00C04F79EFBC}") = "5.2", "5.2\5.2.csproj", "{DEE1004C-2277-474B-B4EB-F6A201B8C989}"
EndProject
Global
	GlobalSection(SolutionConfigurationPlatforms) = preSolution
		Debug|Any CPU = Debug|Any CPU
		Release|Any CPU = Release|Any CPU
	EndGlobalSection
	GlobalSection(ProjectConfigurationPlatforms) = postSolution
		{DEE1004C-2277-474B-B4EB-F6A201B8C989}.Debug|Any CPU.ActiveCfg = Debug|Any CPU
		{DEE1004C-2277-474B-B4EB-F6A201B8C989}.Debug|Any CPU.Build.0 = Debug|Any CPU
		{DEE1004C-2277-474B-B4EB-F6A201B8C989}.Release|Any CPU.ActiveCfg = Release|Any CPU
		{DEE1004C-2277-474B-B4EB-F6A201B8C989}.Release|Any CPU.Build.0 = Release|Any CPU
	EndGlobalSection
	GlobalSection(SolutionProperties) = preSolution
		HideSolutionNode = FALSE
	EndGlobalSection
	GlobalSection(ExtensibilityGlobals) = postSolution
		SolutionGuid = {0D6F4F5C-EB29-4517-8F45-A7914A1C2BDC}
	EndGlobalSection
EndGlobal
